// !$*UTF8*$!
{
	archiveVersion = 1;
	classes = {
	};
	objectVersion = 56;
	objects = {

/* Begin PBXBuildFile section */
		117BB4DC2BB2551100B48CAF /* AppDelegate.swift in Sources */ = {isa = PBXBuildFile; fileRef = 117BB4DB2BB2551100B48CAF /* AppDelegate.swift */; };
		117BB4DE2BB2551100B48CAF /* SceneDelegate.swift in Sources */ = {isa = PBXBuildFile; fileRef = 117BB4DD2BB2551100B48CAF /* SceneDelegate.swift */; };
		117BB4E02BB2551100B48CAF /* ViewController.swift in Sources */ = {isa = PBXBuildFile; fileRef = 117BB4DF2BB2551100B48CAF /* ViewController.swift */; };
		117BB4E32BB2551100B48CAF /* Base in Resources */ = {isa = PBXBuildFile; fileRef = 117BB4E22BB2551100B48CAF /* Base */; };
		117BB4E52BB2551200B48CAF /* Assets.xcassets in Resources */ = {isa = PBXBuildFile; fileRef = 117BB4E42BB2551200B48CAF /* Assets.xcassets */; };
		117BB4E82BB2551200B48CAF /* Base in Resources */ = {isa = PBXBuildFile; fileRef = 117BB4E72BB2551200B48CAF /* Base */; };
		117BB4F32BB2551200B48CAF /* Project12Tests.swift in Sources */ = {isa = PBXBuildFile; fileRef = 117BB4F22BB2551200B48CAF /* Project12Tests.swift */; };
		117BB4FD2BB2551200B48CAF /* Project12UITests.swift in Sources */ = {isa = PBXBuildFile; fileRef = 117BB4FC2BB2551200B48CAF /* Project12UITests.swift */; };
		117BB4FF2BB2551200B48CAF /* Project12UITestsLaunchTests.swift in Sources */ = {isa = PBXBuildFile; fileRef = 117BB4FE2BB2551200B48CAF /* Project12UITestsLaunchTests.swift */; };
/* End PBXBuildFile section */

/* Begin PBXContainerItemProxy section */
		117BB4EF2BB2551200B48CAF /* PBXContainerItemProxy */ = {
			isa = PBXContainerItemProxy;
			containerPortal = 117BB4D02BB2551100B48CAF /* Project object */;
			proxyType = 1;
			remoteGlobalIDString = 117BB4D72BB2551100B48CAF;
			remoteInfo = Project12;
		};
		117BB4F92BB2551200B48CAF /* PBXContainerItemProxy */ = {
			isa = PBXContainerItemProxy;
			containerPortal = 117BB4D02BB2551100B48CAF /* Project object */;
			proxyType = 1;
			remoteGlobalIDString = 117BB4D72BB2551100B48CAF;
			remoteInfo = Project12;
		};
/* End PBXContainerItemProxy section */

/* Begin PBXFileReference section */
		117BB4D82BB2551100B48CAF /* Project12.app */ = {isa = PBXFileReference; explicitFileType = wrapper.application; includeInIndex = 0; path = Project12.app; sourceTree = BUILT_PRODUCTS_DIR; };
		117BB4DB2BB2551100B48CAF /* AppDelegate.swift */ = {isa = PBXFileReference; lastKnownFileType = sourcecode.swift; path = AppDelegate.swift; sourceTree = "<group>"; };
		117BB4DD2BB2551100B48CAF /* SceneDelegate.swift */ = {isa = PBXFileReference; lastKnownFileType = sourcecode.swift; path = SceneDelegate.swift; sourceTree = "<group>"; };
		117BB4DF2BB2551100B48CAF /* ViewController.swift */ = {isa = PBXFileReference; lastKnownFileType = sourcecode.swift; path = ViewController.swift; sourceTree = "<group>"; };
		117BB4E22BB2551100B48CAF /* Base */ = {isa = PBXFileReference; lastKnownFileType = file.storyboard; name = Base; path = Base.lproj/Main.storyboard; sourceTree = "<group>"; };
		117BB4E42BB2551200B48CAF /* Assets.xcassets */ = {isa = PBXFileReference; lastKnownFileType = folder.assetcatalog; path = Assets.xcassets; sourceTree = "<group>"; };
		117BB4E72BB2551200B48CAF /* Base */ = {isa = PBXFileReference; lastKnownFileType = file.storyboard; name = Base; path = Base.lproj/LaunchScreen.storyboard; sourceTree = "<group>"; };
		117BB4E92BB2551200B48CAF /* Info.plist */ = {isa = PBXFileReference; lastKnownFileType = text.plist.xml; path = Info.plist; sourceTree = "<group>"; };
		117BB4EE2BB2551200B48CAF /* Project12Tests.xctest */ = {isa = PBXFileReference; explicitFileType = wrapper.cfbundle; includeInIndex = 0; path = Project12Tests.xctest; sourceTree = BUILT_PRODUCTS_DIR; };
		117BB4F22BB2551200B48CAF /* Project12Tests.swift */ = {isa = PBXFileReference; lastKnownFileType = sourcecode.swift; path = Project12Tests.swift; sourceTree = "<group>"; };
		117BB4F82BB2551200B48CAF /* Project12UITests.xctest */ = {isa = PBXFileReference; explicitFileType = wrapper.cfbundle; includeInIndex = 0; path = Project12UITests.xctest; sourceTree = BUILT_PRODUCTS_DIR; };
		117BB4FC2BB2551200B48CAF /* Project12UITests.swift */ = {isa = PBXFileReference; lastKnownFileType = sourcecode.swift; path = Project12UITests.swift; sourceTree = "<group>"; };
		117BB4FE2BB2551200B48CAF /* Project12UITestsLaunchTests.swift */ = {isa = PBXFileReference; lastKnownFileType = sourcecode.swift; path = Project12UITestsLaunchTests.swift; sourceTree = "<group>"; };
/* End PBXFileReference section */

/* Begin PBXFrameworksBuildPhase section */
		117BB4D52BB2551100B48CAF /* Frameworks */ = {
			isa = PBXFrameworksBuildPhase;
			buildActionMask = 2147483647;
			files = (
			);
			runOnlyForDeploymentPostprocessing = 0;
		};
		117BB4EB2BB2551200B48CAF /* Frameworks */ = {
			isa = PBXFrameworksBuildPhase;
			buildActionMask = 2147483647;
			files = (
			);
			runOnlyForDeploymentPostprocessing = 0;
		};
		117BB4F52BB2551200B48CAF /* Frameworks */ = {
			isa = PBXFrameworksBuildPhase;
			buildActionMask = 2147483647;
			files = (
			);
			runOnlyForDeploymentPostprocessing = 0;
		};
/* End PBXFrameworksBuildPhase section */

/* Begin PBXGroup section */
		117BB4CF2BB2551100B48CAF = {
			isa = PBXGroup;
			children = (
				117BB4DA2BB2551100B48CAF /* Project12 */,
				117BB4F12BB2551200B48CAF /* Project12Tests */,
				117BB4FB2BB2551200B48CAF /* Project12UITests */,
				117BB4D92BB2551100B48CAF /* Products */,
			);
			sourceTree = "<group>";
		};
		117BB4D92BB2551100B48CAF /* Products */ = {
			isa = PBXGroup;
			children = (
				117BB4D82BB2551100B48CAF /* Project12.app */,
				117BB4EE2BB2551200B48CAF /* Project12Tests.xctest */,
				117BB4F82BB2551200B48CAF /* Project12UITests.xctest */,
			);
			name = Products;
			sourceTree = "<group>";
		};
		117BB4DA2BB2551100B48CAF /* Project12 */ = {
			isa = PBXGroup;
			children = (
				117BB4DB2BB2551100B48CAF /* AppDelegate.swift */,
				117BB4DD2BB2551100B48CAF /* SceneDelegate.swift */,
				117BB4DF2BB2551100B48CAF /* ViewController.swift */,
				117BB4E12BB2551100B48CAF /* Main.storyboard */,
				117BB4E42BB2551200B48CAF /* Assets.xcassets */,
				117BB4E62BB2551200B48CAF /* LaunchScreen.storyboard */,
				117BB4E92BB2551200B48CAF /* Info.plist */,
			);
			path = Project12;
			sourceTree = "<group>";
		};
		117BB4F12BB2551200B48CAF /* Project12Tests */ = {
			isa = PBXGroup;
			children = (
				117BB4F22BB2551200B48CAF /* Project12Tests.swift */,
			);
			path = Project12Tests;
			sourceTree = "<group>";
		};
		117BB4FB2BB2551200B48CAF /* Project12UITests */ = {
			isa = PBXGroup;
			children = (
				117BB4FC2BB2551200B48CAF /* Project12UITests.swift */,
				117BB4FE2BB2551200B48CAF /* Project12UITestsLaunchTests.swift */,
			);
			path = Project12UITests;
			sourceTree = "<group>";
		};
/* End PBXGroup section */

/* Begin PBXNativeTarget section */
		117BB4D72BB2551100B48CAF /* Project12 */ = {
			isa = PBXNativeTarget;
			buildConfigurationList = 117BB5022BB2551200B48CAF /* Build configuration list for PBXNativeTarget "Project12" */;
			buildPhases = (
				117BB4D42BB2551100B48CAF /* Sources */,
				117BB4D52BB2551100B48CAF /* Frameworks */,
				117BB4D62BB2551100B48CAF /* Resources */,
			);
			buildRules = (
			);
			dependencies = (
			);
			name = Project12;
			productName = Project12;
			productReference = 117BB4D82BB2551100B48CAF /* Project12.app */;
			productType = "com.apple.product-type.application";
		};
		117BB4ED2BB2551200B48CAF /* Project12Tests */ = {
			isa = PBXNativeTarget;
			buildConfigurationList = 117BB5052BB2551200B48CAF /* Build configuration list for PBXNativeTarget "Project12Tests" */;
			buildPhases = (
				117BB4EA2BB2551200B48CAF /* Sources */,
				117BB4EB2BB2551200B48CAF /* Frameworks */,
				117BB4EC2BB2551200B48CAF /* Resources */,
			);
			buildRules = (
			);
			dependencies = (
				117BB4F02BB2551200B48CAF /* PBXTargetDependency */,
			);
			name = Project12Tests;
			productName = Project12Tests;
			productReference = 117BB4EE2BB2551200B48CAF /* Project12Tests.xctest */;
			productType = "com.apple.product-type.bundle.unit-test";
		};
		117BB4F72BB2551200B48CAF /* Project12UITests */ = {
			isa = PBXNativeTarget;
			buildConfigurationList = 117BB5082BB2551200B48CAF /* Build configuration list for PBXNativeTarget "Project12UITests" */;
			buildPhases = (
				117BB4F42BB2551200B48CAF /* Sources */,
				117BB4F52BB2551200B48CAF /* Frameworks */,
				117BB4F62BB2551200B48CAF /* Resources */,
			);
			buildRules = (
			);
			dependencies = (
				117BB4FA2BB2551200B48CAF /* PBXTargetDependency */,
			);
			name = Project12UITests;
			productName = Project12UITests;
			productReference = 117BB4F82BB2551200B48CAF /* Project12UITests.xctest */;
			productType = "com.apple.product-type.bundle.ui-testing";
		};
/* End PBXNativeTarget section */

/* Begin PBXProject section */
		117BB4D02BB2551100B48CAF /* Project object */ = {
			isa = PBXProject;
			attributes = {
				BuildIndependentTargetsInParallel = 1;
				LastSwiftUpdateCheck = 1530;
				LastUpgradeCheck = 1530;
				TargetAttributes = {
					117BB4D72BB2551100B48CAF = {
						CreatedOnToolsVersion = 15.3;
					};
					117BB4ED2BB2551200B48CAF = {
						CreatedOnToolsVersion = 15.3;
						TestTargetID = 117BB4D72BB2551100B48CAF;
					};
					117BB4F72BB2551200B48CAF = {
						CreatedOnToolsVersion = 15.3;
						TestTargetID = 117BB4D72BB2551100B48CAF;
					};
				};
			};
			buildConfigurationList = 117BB4D32BB2551100B48CAF /* Build configuration list for PBXProject "Project12" */;
			compatibilityVersion = "Xcode 14.0";
			developmentRegion = en;
			hasScannedForEncodings = 0;
			knownRegions = (
				en,
				Base,
			);
			mainGroup = 117BB4CF2BB2551100B48CAF;
			productRefGroup = 117BB4D92BB2551100B48CAF /* Products */;
			projectDirPath = "";
			projectRoot = "";
			targets = (
				117BB4D72BB2551100B48CAF /* Project12 */,
				117BB4ED2BB2551200B48CAF /* Project12Tests */,
				117BB4F72BB2551200B48CAF /* Project12UITests */,
			);
		};
/* End PBXProject section */

/* Begin PBXResourcesBuildPhase section */
		117BB4D62BB2551100B48CAF /* Resources */ = {
			isa = PBXResourcesBuildPhase;
			buildActionMask = 2147483647;
			files = (
				117BB4E52BB2551200B48CAF /* Assets.xcassets in Resources */,
				117BB4E82BB2551200B48CAF /* Base in Resources */,
				117BB4E32BB2551100B48CAF /* Base in Resources */,
			);
			runOnlyForDeploymentPostprocessing = 0;
		};
		117BB4EC2BB2551200B48CAF /* Resources */ = {
			isa = PBXResourcesBuildPhase;
			buildActionMask = 2147483647;
			files = (
			);
			runOnlyForDeploymentPostprocessing = 0;
		};
		117BB4F62BB2551200B48CAF /* Resources */ = {
			isa = PBXResourcesBuildPhase;
			buildActionMask = 2147483647;
			files = (
			);
			runOnlyForDeploymentPostprocessing = 0;
		};
/* End PBXResourcesBuildPhase section */

/* Begin PBXSourcesBuildPhase section */
		117BB4D42BB2551100B48CAF /* Sources */ = {
			isa = PBXSourcesBuildPhase;
			buildActionMask = 2147483647;
			files = (
				117BB4E02BB2551100B48CAF /* ViewController.swift in Sources */,
				117BB4DC2BB2551100B48CAF /* AppDelegate.swift in Sources */,
				117BB4DE2BB2551100B48CAF /* SceneDelegate.swift in Sources */,
			);
			runOnlyForDeploymentPostprocessing = 0;
		};
		117BB4EA2BB2551200B48CAF /* Sources */ = {
			isa = PBXSourcesBuildPhase;
			buildActionMask = 2147483647;
			files = (
				117BB4F32BB2551200B48CAF /* Project12Tests.swift in Sources */,
			);
			runOnlyForDeploymentPostprocessing = 0;
		};
		117BB4F42BB2551200B48CAF /* Sources */ = {
			isa = PBXSourcesBuildPhase;
			buildActionMask = 2147483647;
			files = (
				117BB4FD2BB2551200B48CAF /* Project12UITests.swift in Sources */,
				117BB4FF2BB2551200B48CAF /* Project12UITestsLaunchTests.swift in Sources */,
			);
			runOnlyForDeploymentPostprocessing = 0;
		};
/* End PBXSourcesBuildPhase section */

/* Begin PBXTargetDependency section */
		117BB4F02BB2551200B48CAF /* PBXTargetDependency */ = {
			isa = PBXTargetDependency;
			target = 117BB4D72BB2551100B48CAF /* Project12 */;
			targetProxy = 117BB4EF2BB2551200B48CAF /* PBXContainerItemProxy */;
		};
		117BB4FA2BB2551200B48CAF /* PBXTargetDependency */ = {
			isa = PBXTargetDependency;
			target = 117BB4D72BB2551100B48CAF /* Project12 */;
			targetProxy = 117BB4F92BB2551200B48CAF /* PBXContainerItemProxy */;
		};
/* End PBXTargetDependency section */

/* Begin PBXVariantGroup section */
		117BB4E12BB2551100B48CAF /* Main.storyboard */ = {
			isa = PBXVariantGroup;
			children = (
				117BB4E22BB2551100B48CAF /* Base */,
			);
			name = Main.storyboard;
			sourceTree = "<group>";
		};
		117BB4E62BB2551200B48CAF /* LaunchScreen.storyboard */ = {
			isa = PBXVariantGroup;
			children = (
				117BB4E72BB2551200B48CAF /* Base */,
			);
			name = LaunchScreen.storyboard;
			sourceTree = "<group>";
		};
/* End PBXVariantGroup section */

/* Begin XCBuildConfiguration section */
		117BB5002BB2551200B48CAF /* Debug */ = {
			isa = XCBuildConfiguration;
			buildSettings = {
				ALWAYS_SEARCH_USER_PATHS = NO;
				ASSETCATALOG_COMPILER_GENERATE_SWIFT_ASSET_SYMBOL_EXTENSIONS = YES;
				CLANG_ANALYZER_NONNULL = YES;
				CLANG_ANALYZER_NUMBER_OBJECT_CONVERSION = YES_AGGRESSIVE;
				CLANG_CXX_LANGUAGE_STANDARD = "gnu++20";
				CLANG_ENABLE_MODULES = YES;
				CLANG_ENABLE_OBJC_ARC = YES;
				CLANG_ENABLE_OBJC_WEAK = YES;
				CLANG_WARN_BLOCK_CAPTURE_AUTORELEASING = YES;
				CLANG_WARN_BOOL_CONVERSION = YES;
				CLANG_WARN_COMMA = YES;
				CLANG_WARN_CONSTANT_CONVERSION = YES;
				CLANG_WARN_DEPRECATED_OBJC_IMPLEMENTATIONS = YES;
				CLANG_WARN_DIRECT_OBJC_ISA_USAGE = YES_ERROR;
				CLANG_WARN_DOCUMENTATION_COMMENTS = YES;
				CLANG_WARN_EMPTY_BODY = YES;
				CLANG_WARN_ENUM_CONVERSION = YES;
				CLANG_WARN_INFINITE_RECURSION = YES;
				CLANG_WARN_INT_CONVERSION = YES;
				CLANG_WARN_NON_LITERAL_NULL_CONVERSION = YES;
				CLANG_WARN_OBJC_IMPLICIT_RETAIN_SELF = YES;
				CLANG_WARN_OBJC_LITERAL_CONVERSION = YES;
				CLANG_WARN_OBJC_ROOT_CLASS = YES_ERROR;
				CLANG_WARN_QUOTED_INCLUDE_IN_FRAMEWORK_HEADER = YES;
				CLANG_WARN_RANGE_LOOP_ANALYSIS = YES;
				CLANG_WARN_STRICT_PROTOTYPES = YES;
				CLANG_WARN_SUSPICIOUS_MOVE = YES;
				CLANG_WARN_UNGUARDED_AVAILABILITY = YES_AGGRESSIVE;
				CLANG_WARN_UNREACHABLE_CODE = YES;
				CLANG_WARN__DUPLICATE_METHOD_MATCH = YES;
				COPY_PHASE_STRIP = NO;
				DEBUG_INFORMATION_FORMAT = dwarf;
				ENABLE_STRICT_OBJC_MSGSEND = YES;
				ENABLE_TESTABILITY = YES;
				ENABLE_USER_SCRIPT_SANDBOXING = YES;
				GCC_C_LANGUAGE_STANDARD = gnu17;
				GCC_DYNAMIC_NO_PIC = NO;
				GCC_NO_COMMON_BLOCKS = YES;
				GCC_OPTIMIZATION_LEVEL = 0;
				GCC_PREPROCESSOR_DEFINITIONS = (
					"DEBUG=1",
					"$(inherited)",
				);
				GCC_WARN_64_TO_32_BIT_CONVERSION = YES;
				GCC_WARN_ABOUT_RETURN_TYPE = YES_ERROR;
				GCC_WARN_UNDECLARED_SELECTOR = YES;
				GCC_WARN_UNINITIALIZED_AUTOS = YES_AGGRESSIVE;
				GCC_WARN_UNUSED_FUNCTION = YES;
				GCC_WARN_UNUSED_VARIABLE = YES;
				IPHONEOS_DEPLOYMENT_TARGET = 17.4;
				LOCALIZATION_PREFERS_STRING_CATALOGS = YES;
				MTL_ENABLE_DEBUG_INFO = INCLUDE_SOURCE;
				MTL_FAST_MATH = YES;
				ONLY_ACTIVE_ARCH = YES;
				SDKROOT = iphoneos;
				SWIFT_ACTIVE_COMPILATION_CONDITIONS = "DEBUG $(inherited)";
				SWIFT_OPTIMIZATION_LEVEL = "-Onone";
			};
			name = Debug;
		};
		117BB5012BB2551200B48CAF /* Release */ = {
			isa = XCBuildConfiguration;
			buildSettings = {
				ALWAYS_SEARCH_USER_PATHS = NO;
				ASSETCATALOG_COMPILER_GENERATE_SWIFT_ASSET_SYMBOL_EXTENSIONS = YES;
				CLANG_ANALYZER_NONNULL = YES;
				CLANG_ANALYZER_NUMBER_OBJECT_CONVERSION = YES_AGGRESSIVE;
				CLANG_CXX_LANGUAGE_STANDARD = "gnu++20";
				CLANG_ENABLE_MODULES = YES;
				CLANG_ENABLE_OBJC_ARC = YES;
				CLANG_ENABLE_OBJC_WEAK = YES;
				CLANG_WARN_BLOCK_CAPTURE_AUTORELEASING = YES;
				CLANG_WARN_BOOL_CONVERSION = YES;
				CLANG_WARN_COMMA = YES;
				CLANG_WARN_CONSTANT_CONVERSION = YES;
				CLANG_WARN_DEPRECATED_OBJC_IMPLEMENTATIONS = YES;
				CLANG_WARN_DIRECT_OBJC_ISA_USAGE = YES_ERROR;
				CLANG_WARN_DOCUMENTATION_COMMENTS = YES;
				CLANG_WARN_EMPTY_BODY = YES;
				CLANG_WARN_ENUM_CONVERSION = YES;
				CLANG_WARN_INFINITE_RECURSION = YES;
				CLANG_WARN_INT_CONVERSION = YES;
				CLANG_WARN_NON_LITERAL_NULL_CONVERSION = YES;
				CLANG_WARN_OBJC_IMPLICIT_RETAIN_SELF = YES;
				CLANG_WARN_OBJC_LITERAL_CONVERSION = YES;
				CLANG_WARN_OBJC_ROOT_CLASS = YES_ERROR;
				CLANG_WARN_QUOTED_INCLUDE_IN_FRAMEWORK_HEADER = YES;
				CLANG_WARN_RANGE_LOOP_ANALYSIS = YES;
				CLANG_WARN_STRICT_PROTOTYPES = YES;
				CLANG_WARN_SUSPICIOUS_MOVE = YES;
				CLANG_WARN_UNGUARDED_AVAILABILITY = YES_AGGRESSIVE;
				CLANG_WARN_UNREACHABLE_CODE = YES;
				CLANG_WARN__DUPLICATE_METHOD_MATCH = YES;
				COPY_PHASE_STRIP = NO;
				DEBUG_INFORMATION_FORMAT = "dwarf-with-dsym";
				ENABLE_NS_ASSERTIONS = NO;
				ENABLE_STRICT_OBJC_MSGSEND = YES;
				ENABLE_USER_SCRIPT_SANDBOXING = YES;
				GCC_C_LANGUAGE_STANDARD = gnu17;
				GCC_NO_COMMON_BLOCKS = YES;
				GCC_WARN_64_TO_32_BIT_CONVERSION = YES;
				GCC_WARN_ABOUT_RETURN_TYPE = YES_ERROR;
				GCC_WARN_UNDECLARED_SELECTOR = YES;
				GCC_WARN_UNINITIALIZED_AUTOS = YES_AGGRESSIVE;
				GCC_WARN_UNUSED_FUNCTION = YES;
				GCC_WARN_UNUSED_VARIABLE = YES;
				IPHONEOS_DEPLOYMENT_TARGET = 17.4;
				LOCALIZATION_PREFERS_STRING_CATALOGS = YES;
				MTL_ENABLE_DEBUG_INFO = NO;
				MTL_FAST_MATH = YES;
				SDKROOT = iphoneos;
				SWIFT_COMPILATION_MODE = wholemodule;
				VALIDATE_PRODUCT = YES;
			};
			name = Release;
		};
		117BB5032BB2551200B48CAF /* Debug */ = {
			isa = XCBuildConfiguration;
			buildSettings = {
				ASSETCATALOG_COMPILER_APPICON_NAME = AppIcon;
				ASSETCATALOG_COMPILER_GLOBAL_ACCENT_COLOR_NAME = AccentColor;
				CODE_SIGN_STYLE = Automatic;
				CURRENT_PROJECT_VERSION = 1;
				DEVELOPMENT_TEAM = U9VFYB8Z4V;
				GENERATE_INFOPLIST_FILE = YES;
				INFOPLIST_FILE = Project12/Info.plist;
				INFOPLIST_KEY_UIApplicationSupportsIndirectInputEvents = YES;
				INFOPLIST_KEY_UILaunchStoryboardName = LaunchScreen;
				INFOPLIST_KEY_UIMainStoryboardFile = Main;
				INFOPLIST_KEY_UISupportedInterfaceOrientations_iPad = "UIInterfaceOrientationPortrait UIInterfaceOrientationPortraitUpsideDown UIInterfaceOrientationLandscapeLeft UIInterfaceOrientationLandscapeRight";
				INFOPLIST_KEY_UISupportedInterfaceOrientations_iPhone = "UIInterfaceOrientationPortrait UIInterfaceOrientationLandscapeLeft UIInterfaceOrientationLandscapeRight";
				LD_RUNPATH_SEARCH_PATHS = (
					"$(inherited)",
					"@executable_path/Frameworks",
				);
				MARKETING_VERSION = 1.0;
				PRODUCT_BUNDLE_IDENTIFIER = com.meladori.Project12;
				PRODUCT_NAME = "$(TARGET_NAME)";
				SWIFT_EMIT_LOC_STRINGS = YES;
				SWIFT_VERSION = 5.0;
				TARGETED_DEVICE_FAMILY = "1,2";
			};
			name = Debug;
		};
		117BB5042BB2551200B48CAF /* Release */ = {
			isa = XCBuildConfiguration;
			buildSettings = {
				ASSETCATALOG_COMPILER_APPICON_NAME = AppIcon;
				ASSETCATALOG_COMPILER_GLOBAL_ACCENT_COLOR_NAME = AccentColor;
				CODE_SIGN_STYLE = Automatic;
				CURRENT_PROJECT_VERSION = 1;
				DEVELOPMENT_TEAM = U9VFYB8Z4V;
				GENERATE_INFOPLIST_FILE = YES;
				INFOPLIST_FILE = Project12/Info.plist;
				INFOPLIST_KEY_UIApplicationSupportsIndirectInputEvents = YES;
				INFOPLIST_KEY_UILaunchStoryboardName = LaunchScreen;
				INFOPLIST_KEY_UIMainStoryboardFile = Main;
				INFOPLIST_KEY_UISupportedInterfaceOrientations_iPad = "UIInterfaceOrientationPortrait UIInterfaceOrientationPortraitUpsideDown UIInterfaceOrientationLandscapeLeft UIInterfaceOrientationLandscapeRight";
				INFOPLIST_KEY_UISupportedInterfaceOrientations_iPhone = "UIInterfaceOrientationPortrait UIInterfaceOrientationLandscapeLeft UIInterfaceOrientationLandscapeRight";
				LD_RUNPATH_SEARCH_PATHS = (
					"$(inherited)",
					"@executable_path/Frameworks",
				);
				MARKETING_VERSION = 1.0;
				PRODUCT_BUNDLE_IDENTIFIER = com.meladori.Project12;
				PRODUCT_NAME = "$(TARGET_NAME)";
				SWIFT_EMIT_LOC_STRINGS = YES;
				SWIFT_VERSION = 5.0;
				TARGETED_DEVICE_FAMILY = "1,2";
			};
			name = Release;
		};
		117BB5062BB2551200B48CAF /* Debug */ = {
			isa = XCBuildConfiguration;
			buildSettings = {
				ALWAYS_EMBED_SWIFT_STANDARD_LIBRARIES = YES;
				BUNDLE_LOADER = "$(TEST_HOST)";
				CODE_SIGN_STYLE = Automatic;
				CURRENT_PROJECT_VERSION = 1;
				DEVELOPMENT_TEAM = U9VFYB8Z4V;
				GENERATE_INFOPLIST_FILE = YES;
				IPHONEOS_DEPLOYMENT_TARGET = 17.4;
				MARKETING_VERSION = 1.0;
				PRODUCT_BUNDLE_IDENTIFIER = com.meladori.Project12Tests;
				PRODUCT_NAME = "$(TARGET_NAME)";
				SWIFT_EMIT_LOC_STRINGS = NO;
				SWIFT_VERSION = 5.0;
				TARGETED_DEVICE_FAMILY = "1,2";
				TEST_HOST = "$(BUILT_PRODUCTS_DIR)/Project12.app/$(BUNDLE_EXECUTABLE_FOLDER_PATH)/Project12";
			};
			name = Debug;
		};
		117BB5072BB2551200B48CAF /* Release */ = {
			isa = XCBuildConfiguration;
			buildSettings = {
				ALWAYS_EMBED_SWIFT_STANDARD_LIBRARIES = YES;
				BUNDLE_LOADER = "$(TEST_HOST)";
				CODE_SIGN_STYLE = Automatic;
				CURRENT_PROJECT_VERSION = 1;
				DEVELOPMENT_TEAM = U9VFYB8Z4V;
				GENERATE_INFOPLIST_FILE = YES;
				IPHONEOS_DEPLOYMENT_TARGET = 17.4;
				MARKETING_VERSION = 1.0;
				PRODUCT_BUNDLE_IDENTIFIER = com.meladori.Project12Tests;
				PRODUCT_NAME = "$(TARGET_NAME)";
				SWIFT_EMIT_LOC_STRINGS = NO;
				SWIFT_VERSION = 5.0;
				TARGETED_DEVICE_FAMILY = "1,2";
				TEST_HOST = "$(BUILT_PRODUCTS_DIR)/Project12.app/$(BUNDLE_EXECUTABLE_FOLDER_PATH)/Project12";
			};
			name = Release;
		};
		117BB5092BB2551200B48CAF /* Debug */ = {
			isa = XCBuildConfiguration;
			buildSettings = {
				ALWAYS_EMBED_SWIFT_STANDARD_LIBRARIES = YES;
				CODE_SIGN_STYLE = Automatic;
				CURRENT_PROJECT_VERSION = 1;
				DEVELOPMENT_TEAM = U9VFYB8Z4V;
				GENERATE_INFOPLIST_FILE = YES;
				MARKETING_VERSION = 1.0;
				PRODUCT_BUNDLE_IDENTIFIER = com.meladori.Project12UITests;
				PRODUCT_NAME = "$(TARGET_NAME)";
				SWIFT_EMIT_LOC_STRINGS = NO;
				SWIFT_VERSION = 5.0;
				TARGETED_DEVICE_FAMILY = "1,2";
				TEST_TARGET_NAME = Project12;
			};
			name = Debug;
		};
		117BB50A2BB2551200B48CAF /* Release */ = {
			isa = XCBuildConfiguration;
			buildSettings = {
				ALWAYS_EMBED_SWIFT_STANDARD_LIBRARIES = YES;
				CODE_SIGN_STYLE = Automatic;
				CURRENT_PROJECT_VERSION = 1;
				DEVELOPMENT_TEAM = U9VFYB8Z4V;
				GENERATE_INFOPLIST_FILE = YES;
				MARKETING_VERSION = 1.0;
				PRODUCT_BUNDLE_IDENTIFIER = com.meladori.Project12UITests;
				PRODUCT_NAME = "$(TARGET_NAME)";
				SWIFT_EMIT_LOC_STRINGS = NO;
				SWIFT_VERSION = 5.0;
				TARGETED_DEVICE_FAMILY = "1,2";
				TEST_TARGET_NAME = Project12;
			};
			name = Release;
		};
/* End XCBuildConfiguration section */

/* Begin XCConfigurationList section */
		117BB4D32BB2551100B48CAF /* Build configuration list for PBXProject "Project12" */ = {
			isa = XCConfigurationList;
			buildConfigurations = (
				117BB5002BB2551200B48CAF /* Debug */,
				117BB5012BB2551200B48CAF /* Release */,
			);
			defaultConfigurationIsVisible = 0;
			defaultConfigurationName = Release;
		};
		117BB5022BB2551200B48CAF /* Build configuration list for PBXNativeTarget "Project12" */ = {
			isa = XCConfigurationList;
			buildConfigurations = (
				117BB5032BB2551200B48CAF /* Debug */,
				117BB5042BB2551200B48CAF /* Release */,
			);
			defaultConfigurationIsVisible = 0;
			defaultConfigurationName = Release;
		};
		117BB5052BB2551200B48CAF /* Build configuration list for PBXNativeTarget "Project12Tests" */ = {
			isa = XCConfigurationList;
			buildConfigurations = (
				117BB5062BB2551200B48CAF /* Debug */,
				117BB5072BB2551200B48CAF /* Release */,
			);
			defaultConfigurationIsVisible = 0;
			defaultConfigurationName = Release;
		};
		117BB5082BB2551200B48CAF /* Build configuration list for PBXNativeTarget "Project12UITests" */ = {
			isa = XCConfigurationList;
			buildConfigurations = (
				117BB5092BB2551200B48CAF /* Debug */,
				117BB50A2BB2551200B48CAF /* Release */,
			);
			defaultConfigurationIsVisible = 0;
			defaultConfigurationName = Release;
		};
/* End XCConfigurationList section */
	};
	rootObject = 117BB4D02BB2551100B48CAF /* Project object */;
}
